
Microsoft Visual Studio Solution File, Format Version 12.00
# Visual Studio Version 17
VisualStudioVersion = 17.11.35208.52
MinimumVisualStudioVersion = 10.0.40219.1
Project("{2150E333-8FDC-42A3-9474-1A3956D46DE8}") = "src", "src", "{1D39B7DF-F1E9-4227-A653-8C702DC4DA01}"
EndProject
Project("{2150E333-8FDC-42A3-9474-1A3956D46DE8}") = "tests", "tests", "{C7BCE4D9-8E92-488B-8DB3-1F5FB7F79396}"
EndProject
Project("{9A19103F-16F7-4668-BE54-9A1E7A4F7556}") = "tech-qa-integrationTests", "..\..\tests\IntegrationTests\tech-qa-integrationTests.csproj", "{B1A84930-E712-4601-9309-0F271F60C035}"
EndProject
Project("{9A19103F-16F7-4668-BE54-9A1E7A4F7556}") = "tech-qa-template-tests", "tech-qa-template-tests.csproj", "{448B651B-C6DE-417D-BB44-C2ED3CF817FF}"
EndProject
Global
	GlobalSection(SolutionConfigurationPlatforms) = preSolution
		Debug|Any CPU = Debug|Any CPU
		Release|Any CPU = Release|Any CPU
	EndGlobalSection
	GlobalSection(ProjectConfigurationPlatforms) = postSolution
		{B1A84930-E712-4601-9309-0F271F60C035}.Debug|Any CPU.ActiveCfg = Debug|Any CPU
		{B1A84930-E712-4601-9309-0F271F60C035}.Debug|Any CPU.Build.0 = Debug|Any CPU
		{B1A84930-E712-4601-9309-0F271F60C035}.Release|Any CPU.ActiveCfg = Release|Any CPU
		{B1A84930-E712-4601-9309-0F271F60C035}.Release|Any CPU.Build.0 = Release|Any CPU
		{448B651B-C6DE-417D-BB44-C2ED3CF817FF}.Debug|Any CPU.ActiveCfg = Debug|Any CPU
		{448B651B-C6DE-417D-BB44-C2ED3CF817FF}.Debug|Any CPU.Build.0 = Debug|Any CPU
		{448B651B-C6DE-417D-BB44-C2ED3CF817FF}.Release|Any CPU.ActiveCfg = Release|Any CPU
		{448B651B-C6DE-417D-BB44-C2ED3CF817FF}.Release|Any CPU.Build.0 = Release|Any CPU
	EndGlobalSection
	GlobalSection(SolutionProperties) = preSolution
		HideSolutionNode = FALSE
	EndGlobalSection
	GlobalSection(NestedProjects) = preSolution
		{B1A84930-E712-4601-9309-0F271F60C035} = {C7BCE4D9-8E92-488B-8DB3-1F5FB7F79396}
		{448B651B-C6DE-417D-BB44-C2ED3CF817FF} = {1D39B7DF-F1E9-4227-A653-8C702DC4DA01}
	EndGlobalSection
	GlobalSection(ExtensibilityGlobals) = postSolution
		SolutionGuid = {91FA8012-9F74-4B15-9C75-B70A08747135}
	EndGlobalSection
EndGlobal
